
Microsoft Visual Studio Solution File, Format Version 12.00
# Visual Studio Version 16
VisualStudioVersion = 16.0.31019.35
MinimumVisualStudioVersion = 10.0.40219.1
Project("{FAE04EC0-301F-11D3-BF4B-00C04F79EFBC}") = "z01_19_forms", "z01_19_forms\z01_19_forms.csproj", "{A83DBBD4-6BCC-42E1-987D-2A890C996D1C}"
EndProject
Global
	GlobalSection(SolutionConfigurationPlatforms) = preSolution
		Debug|Any CPU = Debug|Any CPU
		Release|Any CPU = Release|Any CPU
	EndGlobalSection
	GlobalSection(ProjectConfigurationPlatforms) = postSolution
		{A83DBBD4-6BCC-42E1-987D-2A890C996D1C}.Debug|Any CPU.ActiveCfg = Debug|Any CPU
		{A83DBBD4-6BCC-42E1-987D-2A890C996D1C}.Debug|Any CPU.Build.0 = Debug|Any CPU
		{A83DBBD4-6BCC-42E1-987D-2A890C996D1C}.Release|Any CPU.ActiveCfg = Release|Any CPU
		{A83DBBD4-6BCC-42E1-987D-2A890C996D1C}.Release|Any CPU.Build.0 = Release|Any CPU
	EndGlobalSection
	GlobalSection(SolutionProperties) = preSolution
		HideSolutionNode = FALSE
	EndGlobalSection
	GlobalSection(ExtensibilityGlobals) = postSolution
		SolutionGuid = {C699958B-D70D-4F5E-9FD1-673DD5D18AC6}
	EndGlobalSection
EndGlobal
