
Microsoft Visual Studio Solution File, Format Version 12.00
# Visual Studio Version 16
VisualStudioVersion = 16.0.31019.35
MinimumVisualStudioVersion = 10.0.40219.1
Project("{FAE04EC0-301F-11D3-BF4B-00C04F79EFBC}") = "z01_19_console", "z01_19_console\z01_19_console.csproj", "{6F6DD138-694D-4806-854D-010FEEE6AA7B}"
EndProject
Global
	GlobalSection(SolutionConfigurationPlatforms) = preSolution
		Debug|Any CPU = Debug|Any CPU
		Release|Any CPU = Release|Any CPU
	EndGlobalSection
	GlobalSection(ProjectConfigurationPlatforms) = postSolution
		{6F6DD138-694D-4806-854D-010FEEE6AA7B}.Debug|Any CPU.ActiveCfg = Debug|Any CPU
		{6F6DD138-694D-4806-854D-010FEEE6AA7B}.Debug|Any CPU.Build.0 = Debug|Any CPU
		{6F6DD138-694D-4806-854D-010FEEE6AA7B}.Release|Any CPU.ActiveCfg = Release|Any CPU
		{6F6DD138-694D-4806-854D-010FEEE6AA7B}.Release|Any CPU.Build.0 = Release|Any CPU
	EndGlobalSection
	GlobalSection(SolutionProperties) = preSolution
		HideSolutionNode = FALSE
	EndGlobalSection
	GlobalSection(ExtensibilityGlobals) = postSolution
		SolutionGuid = {A63B772E-BB0A-4262-B01E-BF38099EE3FE}
	EndGlobalSection
EndGlobal
